
Microsoft Visual Studio Solution File, Format Version 12.00
# Visual Studio Version 17
VisualStudioVersion = 17.9.34728.123
MinimumVisualStudioVersion = 10.0.40219.1
Project("{FAE04EC0-301F-11D3-BF4B-00C04F79EFBC}") = "MusicStore", "MusicStore.csproj", "{0256ABD1-2E5B-438F-8932-89BE25495B43}"
EndProject
Global
	GlobalSection(SolutionConfigurationPlatforms) = preSolution
		Debug|Any CPU = Debug|Any CPU
		Release|Any CPU = Release|Any CPU
	EndGlobalSection
	GlobalSection(ProjectConfigurationPlatforms) = postSolution
		{0256ABD1-2E5B-438F-8932-89BE25495B43}.Debug|Any CPU.ActiveCfg = Debug|Any CPU
		{0256ABD1-2E5B-438F-8932-89BE25495B43}.Debug|Any CPU.Build.0 = Debug|Any CPU
		{0256ABD1-2E5B-438F-8932-89BE25495B43}.Release|Any CPU.ActiveCfg = Release|Any CPU
		{0256ABD1-2E5B-438F-8932-89BE25495B43}.Release|Any CPU.Build.0 = Release|Any CPU
	EndGlobalSection
	GlobalSection(SolutionProperties) = preSolution
		HideSolutionNode = FALSE
	EndGlobalSection
	GlobalSection(ExtensibilityGlobals) = postSolution
		SolutionGuid = {65F72482-4143-4511-AD28-BC375F52EB0E}
	EndGlobalSection
EndGlobal
